
Microsoft Visual Studio Solution File, Format Version 12.00
# Visual Studio Version 16
VisualStudioVersion = 16.0.31205.134
MinimumVisualStudioVersion = 10.0.40219.1
Project("{FAE04EC0-301F-11D3-BF4B-00C04F79EFBC}") = "Printing Variables to Console", "Printing Variables to Console\Printing Variables to Console.csproj", "{74BB606C-09A3-473C-A650-70AAE8C30FF1}"
EndProject
Global
	GlobalSection(SolutionConfigurationPlatforms) = preSolution
		Debug|Any CPU = Debug|Any CPU
		Release|Any CPU = Release|Any CPU
	EndGlobalSection
	GlobalSection(ProjectConfigurationPlatforms) = postSolution
		{74BB606C-09A3-473C-A650-70AAE8C30FF1}.Debug|Any CPU.ActiveCfg = Debug|Any CPU
		{74BB606C-09A3-473C-A650-70AAE8C30FF1}.Debug|Any CPU.Build.0 = Debug|Any CPU
		{74BB606C-09A3-473C-A650-70AAE8C30FF1}.Release|Any CPU.ActiveCfg = Release|Any CPU
		{74BB606C-09A3-473C-A650-70AAE8C30FF1}.Release|Any CPU.Build.0 = Release|Any CPU
	EndGlobalSection
	GlobalSection(SolutionProperties) = preSolution
		HideSolutionNode = FALSE
	EndGlobalSection
	GlobalSection(ExtensibilityGlobals) = postSolution
		SolutionGuid = {EC62E314-38A7-4257-83F3-58CB39B15238}
	EndGlobalSection
EndGlobal
